PODS:
  - SDWebImage (5.14.0):
    - SDWebImage/Core (= 5.14.0)
  - SDWebImage/Core (5.14.0)

DEPENDENCIES:
  - SDWebImage

SPEC REPOS:
  trunk:
    - SDWebImage

SPEC CHECKSUMS:
  SDWebImage: 9e391cf38577742f501055dca17e4987f6713fe1

PODFILE CHECKSUM: ca573fe87c1adfac61e1b41a74d3d661e45a517c

COCOAPODS: 1.11.3
